PODS:
  - Alamofire (4.0.1)
  - AlamofireImage (3.1.0):
    - Alamofire (~> 4.0)
  - ObjectMapper (2.2.1)
  - SDWebImage (4.0.0-beta2):
    - SDWebImage/Core (= 4.0.0-beta2)
  - SDWebImage/Core (4.0.0-beta2)
  - SwiftHexColor (0.1.1)

DEPENDENCIES:
  - Alamofire
  - AlamofireImage
  - ObjectMapper
  - SDWebImage (~> 4.0.0-beta2)
  - SwiftHexColor (~> 0.1.1)

SPEC CHECKSUMS:
  Alamofire: 7682d43245de14874acd142ec137b144aa1dd335
  AlamofireImage: bb8c8351c51cb1633bb6be69b6dbbaff37ce65b7
  ObjectMapper: 41e43e1a89f8060ef5ea5d04ba852e269a621d68
  SDWebImage: e379f33106cf8d6766f970c0ef1c3fb609c94d78
  SwiftHexColor: a71bdca853780ec8721c63926b243d3b4c9a30e5

PODFILE CHECKSUM: a8a079b5b4c85d026c962146067aef69a6620dc2

COCOAPODS: 1.1.1
