// !$*UTF8*$!
{
	archiveVersion = 1;
	classes = {
	};
	objectVersion = 46;
	objects = {

/* Begin PBXBuildFile section */
		3F3BA8D70677F65EE6A26B09 /* Pods_kino.framework in Frameworks */ = {isa = PBXBuildFile; fileRef = 678DACE98E7ABE4092E18051 /* Pods_kino.framework */; };
		441B999F1E8BE10300C1E831 /* MoviesViewController.swift in Sources */ = {isa = PBXBuildFile; fileRef = 441B999E1E8BE10300C1E831 /* MoviesViewController.swift */; };
		441B99A11E8BE11C00C1E831 /* MoviesCollectionViewController.swift in Sources */ = {isa = PBXBuildFile; fileRef = 441B99A01E8BE11C00C1E831 /* MoviesCollectionViewController.swift */; };
		441B99A31E8BE13800C1E831 /* MoviesCollectionViewCell.swift in Sources */ = {isa = PBXBuildFile; fileRef = 441B99A21E8BE13800C1E831 /* MoviesCollectionViewCell.swift */; };
		441B99A51E8BE81100C1E831 /* MoviesToolbar.swift in Sources */ = {isa = PBXBuildFile; fileRef = 441B99A41E8BE81100C1E831 /* MoviesToolbar.swift */; };
		441B99A71E8C2F5900C1E831 /* Mode.swift in Sources */ = {isa = PBXBuildFile; fileRef = 441B99A61E8C2F5900C1E831 /* Mode.swift */; };
		441B99AC1E8CF21200C1E831 /* MovieDetailsTableViewController.swift in Sources */ = {isa = PBXBuildFile; fileRef = 441B99AB1E8CF21200C1E831 /* MovieDetailsTableViewController.swift */; };
		446BFEF81E8D03B30033D535 /* PlotCell.swift in Sources */ = {isa = PBXBuildFile; fileRef = 446BFEF71E8D03B30033D535 /* PlotCell.swift */; };
		446BFEFA1E8D03C50033D535 /* AuthorCell.swift in Sources */ = {isa = PBXBuildFile; fileRef = 446BFEF91E8D03C50033D535 /* AuthorCell.swift */; };
		446BFEFC1E8D03D40033D535 /* ActorCell.swift in Sources */ = {isa = PBXBuildFile; fileRef = 446BFEFB1E8D03D40033D535 /* ActorCell.swift */; };
		446BFEFE1E8D03E30033D535 /* AboutFilmCell.swift in Sources */ = {isa = PBXBuildFile; fileRef = 446BFEFD1E8D03E30033D535 /* AboutFilmCell.swift */; };
		446BFF041E8D30800033D535 /* MTMovieDetailsReponse.json in Resources */ = {isa = PBXBuildFile; fileRef = 446BFF031E8D30800033D535 /* MTMovieDetailsReponse.json */; };
		446BFF061E8D42310033D535 /* HeaderCell.swift in Sources */ = {isa = PBXBuildFile; fileRef = 446BFF051E8D42310033D535 /* HeaderCell.swift */; };
		44E03F641E8E4D6D008DE101 /* ScoreView.swift in Sources */ = {isa = PBXBuildFile; fileRef = 44E03F631E8E4D6D008DE101 /* ScoreView.swift */; };
		8463B8221E87D2520050121A /* AppDelegate.swift in Sources */ = {isa = PBXBuildFile; fileRef = 8463B8211E87D2520050121A /* AppDelegate.swift */; };
		8463B8241E87D2520050121A /* MoviesTVC.swift in Sources */ = {isa = PBXBuildFile; fileRef = 8463B8231E87D2520050121A /* MoviesTVC.swift */; };
		8463B8271E87D2520050121A /* Main.storyboard in Resources */ = {isa = PBXBuildFile; fileRef = 8463B8251E87D2520050121A /* Main.storyboard */; };
		8463B8291E87D2520050121A /* Assets.xcassets in Resources */ = {isa = PBXBuildFile; fileRef = 8463B8281E87D2520050121A /* Assets.xcassets */; };
		8463B82C1E87D2520050121A /* LaunchScreen.storyboard in Resources */ = {isa = PBXBuildFile; fileRef = 8463B82A1E87D2520050121A /* LaunchScreen.storyboard */; };
		8463B8351E87D3650050121A /* MoviesTVC+Table.swift in Sources */ = {isa = PBXBuildFile; fileRef = 8463B8341E87D3650050121A /* MoviesTVC+Table.swift */; };
		8463B8371E87D43C0050121A /* Constants.swift in Sources */ = {isa = PBXBuildFile; fileRef = 8463B8361E87D43C0050121A /* Constants.swift */; };
		8463B83A1E87D63A0050121A /* Network.swift in Sources */ = {isa = PBXBuildFile; fileRef = 8463B8391E87D63A0050121A /* Network.swift */; };
		8463B83C1E87D68C0050121A /* BaseRequest.swift in Sources */ = {isa = PBXBuildFile; fileRef = 8463B83B1E87D68C0050121A /* BaseRequest.swift */; };
		8463B83E1E87D78D0050121A /* MoviesRequest.swift in Sources */ = {isa = PBXBuildFile; fileRef = 8463B83D1E87D78D0050121A /* MoviesRequest.swift */; };
		8463B8401E87D78D0050121A /* MoviesSearchResult.swift in Sources */ = {isa = PBXBuildFile; fileRef = 8463B83F1E87D78D0050121A /* MoviesSearchResult.swift */; };
		8463B8421E87DC050050121A /* MoviesTVC+Presenter.swift in Sources */ = {isa = PBXBuildFile; fileRef = 8463B8411E87DC050050121A /* MoviesTVC+Presenter.swift */; };
		8463B8461E87DCCC0050121A /* KDMoviesTVCCell.swift in Sources */ = {isa = PBXBuildFile; fileRef = 8463B8441E87DCCC0050121A /* KDMoviesTVCCell.swift */; };
		C5FA8CD01E8BA55E0052ABDB /* Movie.swift in Sources */ = {isa = PBXBuildFile; fileRef = C5FA8CCF1E8BA55E0052ABDB /* Movie.swift */; };
		C5FA8CD31E8BAB730052ABDB /* String+Tools.swift in Sources */ = {isa = PBXBuildFile; fileRef = C5FA8CD21E8BAB730052ABDB /* String+Tools.swift */; };
		C5FA8CD51E8BABDB0052ABDB /* Localizable.strings in Resources */ = {isa = PBXBuildFile; fileRef = C5FA8CD41E8BABDB0052ABDB /* Localizable.strings */; };
/* End PBXBuildFile section */

/* Begin PBXFileReference section */
		0CD16E36C310022ED54547CC /* Pods-kino.debug.xcconfig */ = {isa = PBXFileReference; includeInIndex = 1; lastKnownFileType = text.xcconfig; name = "Pods-kino.debug.xcconfig"; path = "Pods/Target Support Files/Pods-kino/Pods-kino.debug.xcconfig"; sourceTree = "<group>"; };
		21F88830796604AE4AF20394 /* Pods-kino.release.xcconfig */ = {isa = PBXFileReference; includeInIndex = 1; lastKnownFileType = text.xcconfig; name = "Pods-kino.release.xcconfig"; path = "Pods/Target Support Files/Pods-kino/Pods-kino.release.xcconfig"; sourceTree = "<group>"; };
		441B999E1E8BE10300C1E831 /* MoviesViewController.swift */ = {isa = PBXFileReference; fileEncoding = 4; lastKnownFileType = sourcecode.swift; path = MoviesViewController.swift; sourceTree = "<group>"; };
		441B99A01E8BE11C00C1E831 /* MoviesCollectionViewController.swift */ = {isa = PBXFileReference; fileEncoding = 4; lastKnownFileType = sourcecode.swift; path = MoviesCollectionViewController.swift; sourceTree = "<group>"; };
		441B99A21E8BE13800C1E831 /* MoviesCollectionViewCell.swift */ = {isa = PBXFileReference; fileEncoding = 4; lastKnownFileType = sourcecode.swift; path = MoviesCollectionViewCell.swift; sourceTree = "<group>"; };
		441B99A41E8BE81100C1E831 /* MoviesToolbar.swift */ = {isa = PBXFileReference; fileEncoding = 4; lastKnownFileType = sourcecode.swift; path = MoviesToolbar.swift; sourceTree = "<group>"; };
		441B99A61E8C2F5900C1E831 /* Mode.swift */ = {isa = PBXFileReference; fileEncoding = 4; lastKnownFileType = sourcecode.swift; path = Mode.swift; sourceTree = "<group>"; };
		441B99AB1E8CF21200C1E831 /* MovieDetailsTableViewController.swift */ = {isa = PBXFileReference; fileEncoding = 4; lastKnownFileType = sourcecode.swift; path = MovieDetailsTableViewController.swift; sourceTree = "<group>"; };
		446BFEF71E8D03B30033D535 /* PlotCell.swift */ = {isa = PBXFileReference; fileEncoding = 4; lastKnownFileType = sourcecode.swift; path = PlotCell.swift; sourceTree = "<group>"; };
		446BFEF91E8D03C50033D535 /* AuthorCell.swift */ = {isa = PBXFileReference; fileEncoding = 4; lastKnownFileType = sourcecode.swift; path = AuthorCell.swift; sourceTree = "<group>"; };
		446BFEFB1E8D03D40033D535 /* ActorCell.swift */ = {isa = PBXFileReference; fileEncoding = 4; lastKnownFileType = sourcecode.swift; path = ActorCell.swift; sourceTree = "<group>"; };
		446BFEFD1E8D03E30033D535 /* AboutFilmCell.swift */ = {isa = PBXFileReference; fileEncoding = 4; lastKnownFileType = sourcecode.swift; path = AboutFilmCell.swift; sourceTree = "<group>"; };
		446BFF031E8D30800033D535 /* MTMovieDetailsReponse.json */ = {isa = PBXFileReference; fileEncoding = 4; lastKnownFileType = text.json; path = MTMovieDetailsReponse.json; sourceTree = "<group>"; };
		446BFF051E8D42310033D535 /* HeaderCell.swift */ = {isa = PBXFileReference; fileEncoding = 4; lastKnownFileType = sourcecode.swift; path = HeaderCell.swift; sourceTree = "<group>"; };
		44E03F631E8E4D6D008DE101 /* ScoreView.swift */ = {isa = PBXFileReference; fileEncoding = 4; lastKnownFileType = sourcecode.swift; path = ScoreView.swift; sourceTree = "<group>"; };
		678DACE98E7ABE4092E18051 /* Pods_kino.framework */ = {isa = PBXFileReference; explicitFileType = wrapper.framework; includeInIndex = 0; path = Pods_kino.framework; sourceTree = BUILT_PRODUCTS_DIR; };
		8463B81E1E87D2520050121A /* kino.app */ = {isa = PBXFileReference; explicitFileType = wrapper.application; includeInIndex = 0; path = kino.app; sourceTree = BUILT_PRODUCTS_DIR; };
		8463B8211E87D2520050121A /* AppDelegate.swift */ = {isa = PBXFileReference; lastKnownFileType = sourcecode.swift; path = AppDelegate.swift; sourceTree = "<group>"; };
		8463B8231E87D2520050121A /* MoviesTVC.swift */ = {isa = PBXFileReference; lastKnownFileType = sourcecode.swift; path = MoviesTVC.swift; sourceTree = "<group>"; };
		8463B8261E87D2520050121A /* Base */ = {isa = PBXFileReference; lastKnownFileType = file.storyboard; name = Base; path = Base.lproj/Main.storyboard; sourceTree = "<group>"; };
		8463B8281E87D2520050121A /* Assets.xcassets */ = {isa = PBXFileReference; lastKnownFileType = folder.assetcatalog; path = Assets.xcassets; sourceTree = "<group>"; };
		8463B82B1E87D2520050121A /* Base */ = {isa = PBXFileReference; lastKnownFileType = file.storyboard; name = Base; path = Base.lproj/LaunchScreen.storyboard; sourceTree = "<group>"; };
		8463B82D1E87D2520050121A /* Info.plist */ = {isa = PBXFileReference; lastKnownFileType = text.plist.xml; path = Info.plist; sourceTree = "<group>"; };
		8463B8341E87D3650050121A /* MoviesTVC+Table.swift */ = {isa = PBXFileReference; fileEncoding = 4; lastKnownFileType = sourcecode.swift; path = "MoviesTVC+Table.swift"; sourceTree = "<group>"; };
		8463B8361E87D43C0050121A /* Constants.swift */ = {isa = PBXFileReference; fileEncoding = 4; lastKnownFileType = sourcecode.swift; path = Constants.swift; sourceTree = "<group>"; };
		8463B8391E87D63A0050121A /* Network.swift */ = {isa = PBXFileReference; fileEncoding = 4; lastKnownFileType = sourcecode.swift; path = Network.swift; sourceTree = "<group>"; };
		8463B83B1E87D68C0050121A /* BaseRequest.swift */ = {isa = PBXFileReference; fileEncoding = 4; lastKnownFileType = sourcecode.swift; path = BaseRequest.swift; sourceTree = "<group>"; };
		8463B83D1E87D78D0050121A /* MoviesRequest.swift */ = {isa = PBXFileReference; fileEncoding = 4; lastKnownFileType = sourcecode.swift; path = MoviesRequest.swift; sourceTree = "<group>"; };
		8463B83F1E87D78D0050121A /* MoviesSearchResult.swift */ = {isa = PBXFileReference; fileEncoding = 4; lastKnownFileType = sourcecode.swift; path = MoviesSearchResult.swift; sourceTree = "<group>"; };
		8463B8411E87DC050050121A /* MoviesTVC+Presenter.swift */ = {isa = PBXFileReference; fileEncoding = 4; lastKnownFileType = sourcecode.swift; path = "MoviesTVC+Presenter.swift"; sourceTree = "<group>"; };
		8463B8441E87DCCC0050121A /* KDMoviesTVCCell.swift */ = {isa = PBXFileReference; fileEncoding = 4; lastKnownFileType = sourcecode.swift; path = KDMoviesTVCCell.swift; sourceTree = "<group>"; };
		C5FA8CCF1E8BA55E0052ABDB /* Movie.swift */ = {isa = PBXFileReference; fileEncoding = 4; lastKnownFileType = sourcecode.swift; path = Movie.swift; sourceTree = "<group>"; };
		C5FA8CD21E8BAB730052ABDB /* String+Tools.swift */ = {isa = PBXFileReference; fileEncoding = 4; lastKnownFileType = sourcecode.swift; path = "String+Tools.swift"; sourceTree = "<group>"; };
		C5FA8CD41E8BABDB0052ABDB /* Localizable.strings */ = {isa = PBXFileReference; fileEncoding = 4; lastKnownFileType = text.plist.strings; path = Localizable.strings; sourceTree = "<group>"; };
/* End PBXFileReference section */

/* Begin PBXFrameworksBuildPhase section */
		8463B81B1E87D2520050121A /* Frameworks */ = {
			isa = PBXFrameworksBuildPhase;
			buildActionMask = 2147483647;
			files = (
				3F3BA8D70677F65EE6A26B09 /* Pods_kino.framework in Frameworks */,
			);
			runOnlyForDeploymentPostprocessing = 0;
		};
/* End PBXFrameworksBuildPhase section */

/* Begin PBXGroup section */
		3F68038736C015B60B536CCE /* Frameworks */ = {
			isa = PBXGroup;
			children = (
				678DACE98E7ABE4092E18051 /* Pods_kino.framework */,
			);
			name = Frameworks;
			sourceTree = "<group>";
		};
		441B999D1E8BE0D000C1E831 /* Movies */ = {
			isa = PBXGroup;
			children = (
				441B999E1E8BE10300C1E831 /* MoviesViewController.swift */,
				441B99A01E8BE11C00C1E831 /* MoviesCollectionViewController.swift */,
				441B99A21E8BE13800C1E831 /* MoviesCollectionViewCell.swift */,
				441B99A41E8BE81100C1E831 /* MoviesToolbar.swift */,
			);
			path = Movies;
			sourceTree = "<group>";
		};
		441B99A81E8C59C800C1E831 /* MovieDetails */ = {
			isa = PBXGroup;
			children = (
				441B99AB1E8CF21200C1E831 /* MovieDetailsTableViewController.swift */,
				446BFF051E8D42310033D535 /* HeaderCell.swift */,
				446BFEF71E8D03B30033D535 /* PlotCell.swift */,
				446BFEF91E8D03C50033D535 /* AuthorCell.swift */,
				446BFEFB1E8D03D40033D535 /* ActorCell.swift */,
				446BFEFD1E8D03E30033D535 /* AboutFilmCell.swift */,
				44E03F631E8E4D6D008DE101 /* ScoreView.swift */,
			);
			path = MovieDetails;
			sourceTree = "<group>";
		};
		8463B8151E87D2520050121A = {
			isa = PBXGroup;
			children = (
				8463B8201E87D2520050121A /* kino */,
				8463B81F1E87D2520050121A /* Products */,
				E783979A1625DD7640333770 /* Pods */,
				3F68038736C015B60B536CCE /* Frameworks */,
			);
			sourceTree = "<group>";
		};
		8463B81F1E87D2520050121A /* Products */ = {
			isa = PBXGroup;
			children = (
				8463B81E1E87D2520050121A /* kino.app */,
			);
			name = Products;
			sourceTree = "<group>";
		};
		8463B8201E87D2520050121A /* kino */ = {
			isa = PBXGroup;
			children = (
				C5FA8CD61E8BAC990052ABDB /* Resources */,
				C5FA8CD11E8BAB650052ABDB /* Common */,
				8463B8381E87D62E0050121A /* Network */,
				8463B8331E87D34F0050121A /* Movies */,
				C5FA8CCE1E8BA5440052ABDB /* Models */,
				8463B8251E87D2520050121A /* Main.storyboard */,
			);
			path = kino;
			sourceTree = "<group>";
		};
		8463B8331E87D34F0050121A /* Movies */ = {
			isa = PBXGroup;
			children = (
				441B99A81E8C59C800C1E831 /* MovieDetails */,
				441B999D1E8BE0D000C1E831 /* Movies */,
				8463B8431E87DCAB0050121A /* Subviews */,
				8463B8231E87D2520050121A /* MoviesTVC.swift */,
				8463B8341E87D3650050121A /* MoviesTVC+Table.swift */,
				8463B8411E87DC050050121A /* MoviesTVC+Presenter.swift */,
			);
			name = Movies;
			sourceTree = "<group>";
		};
		8463B8381E87D62E0050121A /* Network */ = {
			isa = PBXGroup;
			children = (
				8463B8391E87D63A0050121A /* Network.swift */,
				8463B83B1E87D68C0050121A /* BaseRequest.swift */,
				8463B83D1E87D78D0050121A /* MoviesRequest.swift */,
			);
			name = Network;
			sourceTree = "<group>";
		};
		8463B8431E87DCAB0050121A /* Subviews */ = {
			isa = PBXGroup;
			children = (
				8463B8441E87DCCC0050121A /* KDMoviesTVCCell.swift */,
			);
			name = Subviews;
			sourceTree = "<group>";
		};
		C5FA8CCE1E8BA5440052ABDB /* Models */ = {
			isa = PBXGroup;
			children = (
				8463B83F1E87D78D0050121A /* MoviesSearchResult.swift */,
				C5FA8CCF1E8BA55E0052ABDB /* Movie.swift */,
				441B99A61E8C2F5900C1E831 /* Mode.swift */,
			);
			name = Models;
			sourceTree = "<group>";
		};
		C5FA8CD11E8BAB650052ABDB /* Common */ = {
			isa = PBXGroup;
			children = (
				C5FA8CD21E8BAB730052ABDB /* String+Tools.swift */,
			);
			name = Common;
			sourceTree = "<group>";
		};
		C5FA8CD61E8BAC990052ABDB /* Resources */ = {
			isa = PBXGroup;
			children = (
				8463B8361E87D43C0050121A /* Constants.swift */,
				8463B8211E87D2520050121A /* AppDelegate.swift */,
				8463B8281E87D2520050121A /* Assets.xcassets */,
				8463B82A1E87D2520050121A /* LaunchScreen.storyboard */,
				8463B82D1E87D2520050121A /* Info.plist */,
				C5FA8CD41E8BABDB0052ABDB /* Localizable.strings */,
				446BFF031E8D30800033D535 /* MTMovieDetailsReponse.json */,
			);
			name = Resources;
			sourceTree = "<group>";
		};
		E783979A1625DD7640333770 /* Pods */ = {
			isa = PBXGroup;
			children = (
				0CD16E36C310022ED54547CC /* Pods-kino.debug.xcconfig */,
				21F88830796604AE4AF20394 /* Pods-kino.release.xcconfig */,
			);
			name = Pods;
			sourceTree = "<group>";
		};
/* End PBXGroup section */

/* Begin PBXNativeTarget section */
		8463B81D1E87D2520050121A /* kino */ = {
			isa = PBXNativeTarget;
			buildConfigurationList = 8463B8301E87D2520050121A /* Build configuration list for PBXNativeTarget "kino" */;
			buildPhases = (
				2C5938382C8EEAC88CF26703 /* [CP] Check Pods Manifest.lock */,
				8463B81A1E87D2520050121A /* Sources */,
				8463B81B1E87D2520050121A /* Frameworks */,
				8463B81C1E87D2520050121A /* Resources */,
				2194DDBFBB288919C18FCD8A /* [CP] Embed Pods Frameworks */,
				EFA5DD35AB9B4D9446DCA1F5 /* [CP] Copy Pods Resources */,
			);
			buildRules = (
			);
			dependencies = (
			);
			name = kino;
			productName = kino;
			productReference = 8463B81E1E87D2520050121A /* kino.app */;
			productType = "com.apple.product-type.application";
		};
/* End PBXNativeTarget section */

/* Begin PBXProject section */
		8463B8161E87D2520050121A /* Project object */ = {
			isa = PBXProject;
			attributes = {
				LastSwiftUpdateCheck = 0810;
				LastUpgradeCheck = 0820;
				ORGANIZATIONNAME = Admin;
				TargetAttributes = {
					8463B81D1E87D2520050121A = {
						CreatedOnToolsVersion = 8.1;
						ProvisioningStyle = Automatic;
					};
				};
			};
			buildConfigurationList = 8463B8191E87D2520050121A /* Build configuration list for PBXProject "kino" */;
			compatibilityVersion = "Xcode 3.2";
			developmentRegion = English;
			hasScannedForEncodings = 0;
			knownRegions = (
				en,
				Base,
			);
			mainGroup = 8463B8151E87D2520050121A;
			productRefGroup = 8463B81F1E87D2520050121A /* Products */;
			projectDirPath = "";
			projectRoot = "";
			targets = (
				8463B81D1E87D2520050121A /* kino */,
			);
		};
/* End PBXProject section */

/* Begin PBXResourcesBuildPhase section */
		8463B81C1E87D2520050121A /* Resources */ = {
			isa = PBXResourcesBuildPhase;
			buildActionMask = 2147483647;
			files = (
				8463B82C1E87D2520050121A /* LaunchScreen.storyboard in Resources */,
				C5FA8CD51E8BABDB0052ABDB /* Localizable.strings in Resources */,
				8463B8291E87D2520050121A /* Assets.xcassets in Resources */,
				446BFF041E8D30800033D535 /* MTMovieDetailsReponse.json in Resources */,
				8463B8271E87D2520050121A /* Main.storyboard in Resources */,
			);
			runOnlyForDeploymentPostprocessing = 0;
		};
/* End PBXResourcesBuildPhase section */

/* Begin PBXShellScriptBuildPhase section */
		2194DDBFBB288919C18FCD8A /* [CP] Embed Pods Frameworks */ = {
			isa = PBXShellScriptBuildPhase;
			buildActionMask = 2147483647;
			files = (
			);
			inputPaths = (
			);
			name = "[CP] Embed Pods Frameworks";
			outputPaths = (
			);
			runOnlyForDeploymentPostprocessing = 0;
			shellPath = /bin/sh;
			shellScript = "\"${SRCROOT}/Pods/Target Support Files/Pods-kino/Pods-kino-frameworks.sh\"\n";
			showEnvVarsInLog = 0;
		};
		2C5938382C8EEAC88CF26703 /* [CP] Check Pods Manifest.lock */ = {
			isa = PBXShellScriptBuildPhase;
			buildActionMask = 2147483647;
			files = (
			);
			inputPaths = (
			);
			name = "[CP] Check Pods Manifest.lock";
			outputPaths = (
			);
			runOnlyForDeploymentPostprocessing = 0;
			shellPath = /bin/sh;
			shellScript = "diff \"${PODS_ROOT}/../Podfile.lock\" \"${PODS_ROOT}/Manifest.lock\" > /dev/null\nif [ $? != 0 ] ; then\n    # print error to STDERR\n    echo \"error: The sandbox is not in sync with the Podfile.lock. Run 'pod install' or update your CocoaPods installation.\" >&2\n    exit 1\nfi\n";
			showEnvVarsInLog = 0;
		};
		EFA5DD35AB9B4D9446DCA1F5 /* [CP] Copy Pods Resources */ = {
			isa = PBXShellScriptBuildPhase;
			buildActionMask = 2147483647;
			files = (
			);
			inputPaths = (
			);
			name = "[CP] Copy Pods Resources";
			outputPaths = (
			);
			runOnlyForDeploymentPostprocessing = 0;
			shellPath = /bin/sh;
			shellScript = "\"${SRCROOT}/Pods/Target Support Files/Pods-kino/Pods-kino-resources.sh\"\n";
			showEnvVarsInLog = 0;
		};
/* End PBXShellScriptBuildPhase section */

/* Begin PBXSourcesBuildPhase section */
		8463B81A1E87D2520050121A /* Sources */ = {
			isa = PBXSourcesBuildPhase;
			buildActionMask = 2147483647;
			files = (
				8463B83A1E87D63A0050121A /* Network.swift in Sources */,
				441B99A11E8BE11C00C1E831 /* MoviesCollectionViewController.swift in Sources */,
				8463B8401E87D78D0050121A /* MoviesSearchResult.swift in Sources */,
				8463B8241E87D2520050121A /* MoviesTVC.swift in Sources */,
				446BFF061E8D42310033D535 /* HeaderCell.swift in Sources */,
				441B99A51E8BE81100C1E831 /* MoviesToolbar.swift in Sources */,
				446BFEFC1E8D03D40033D535 /* ActorCell.swift in Sources */,
				8463B83E1E87D78D0050121A /* MoviesRequest.swift in Sources */,
				446BFEFA1E8D03C50033D535 /* AuthorCell.swift in Sources */,
				C5FA8CD31E8BAB730052ABDB /* String+Tools.swift in Sources */,
				446BFEF81E8D03B30033D535 /* PlotCell.swift in Sources */,
				8463B8421E87DC050050121A /* MoviesTVC+Presenter.swift in Sources */,
				8463B83C1E87D68C0050121A /* BaseRequest.swift in Sources */,
				8463B8351E87D3650050121A /* MoviesTVC+Table.swift in Sources */,
				441B99A31E8BE13800C1E831 /* MoviesCollectionViewCell.swift in Sources */,
				441B999F1E8BE10300C1E831 /* MoviesViewController.swift in Sources */,
				446BFEFE1E8D03E30033D535 /* AboutFilmCell.swift in Sources */,
				44E03F641E8E4D6D008DE101 /* ScoreView.swift in Sources */,
				8463B8461E87DCCC0050121A /* KDMoviesTVCCell.swift in Sources */,
				441B99A71E8C2F5900C1E831 /* Mode.swift in Sources */,
				8463B8221E87D2520050121A /* AppDelegate.swift in Sources */,
				C5FA8CD01E8BA55E0052ABDB /* Movie.swift in Sources */,
				8463B8371E87D43C0050121A /* Constants.swift in Sources */,
				441B99AC1E8CF21200C1E831 /* MovieDetailsTableViewController.swift in Sources */,
			);
			runOnlyForDeploymentPostprocessing = 0;
		};
/* End PBXSourcesBuildPhase section */

/* Begin PBXVariantGroup section */
		8463B8251E87D2520050121A /* Main.storyboard */ = {
			isa = PBXVariantGroup;
			children = (
				8463B8261E87D2520050121A /* Base */,
			);
			name = Main.storyboard;
			sourceTree = "<group>";
		};
		8463B82A1E87D2520050121A /* LaunchScreen.storyboard */ = {
			isa = PBXVariantGroup;
			children = (
				8463B82B1E87D2520050121A /* Base */,
			);
			name = LaunchScreen.storyboard;
			sourceTree = "<group>";
		};
/* End PBXVariantGroup section */

/* Begin XCBuildConfiguration section */
		8463B82E1E87D2520050121A /* Debug */ = {
			isa = XCBuildConfiguration;
			buildSettings = {
				ALWAYS_SEARCH_USER_PATHS = NO;
				CLANG_ANALYZER_NONNULL = YES;
				CLANG_CXX_LANGUAGE_STANDARD = "gnu++0x";
				CLANG_CXX_LIBRARY = "libc++";
				CLANG_ENABLE_MODULES = YES;
				CLANG_ENABLE_OBJC_ARC = YES;
				CLANG_WARN_BOOL_CONVERSION = YES;
				CLANG_WARN_CONSTANT_CONVERSION = YES;
				CLANG_WARN_DIRECT_OBJC_ISA_USAGE = YES_ERROR;
				CLANG_WARN_DOCUMENTATION_COMMENTS = YES;
				CLANG_WARN_EMPTY_BODY = YES;
				CLANG_WARN_ENUM_CONVERSION = YES;
				CLANG_WARN_INFINITE_RECURSION = YES;
				CLANG_WARN_INT_CONVERSION = YES;
				CLANG_WARN_OBJC_ROOT_CLASS = YES_ERROR;
				CLANG_WARN_SUSPICIOUS_MOVE = YES;
				CLANG_WARN_SUSPICIOUS_MOVES = YES;
				CLANG_WARN_UNREACHABLE_CODE = YES;
				CLANG_WARN__DUPLICATE_METHOD_MATCH = YES;
				"CODE_SIGN_IDENTITY[sdk=iphoneos*]" = "iPhone Developer";
				COPY_PHASE_STRIP = NO;
				DEBUG_INFORMATION_FORMAT = dwarf;
				ENABLE_STRICT_OBJC_MSGSEND = YES;
				ENABLE_TESTABILITY = YES;
				GCC_C_LANGUAGE_STANDARD = gnu99;
				GCC_DYNAMIC_NO_PIC = NO;
				GCC_NO_COMMON_BLOCKS = YES;
				GCC_OPTIMIZATION_LEVEL = 0;
				GCC_PREPROCESSOR_DEFINITIONS = (
					"DEBUG=1",
					"$(inherited)",
				);
				GCC_WARN_64_TO_32_BIT_CONVERSION = YES;
				GCC_WARN_ABOUT_RETURN_TYPE = YES_ERROR;
				GCC_WARN_UNDECLARED_SELECTOR = YES;
				GCC_WARN_UNINITIALIZED_AUTOS = YES_AGGRESSIVE;
				GCC_WARN_UNUSED_FUNCTION = YES;
				GCC_WARN_UNUSED_VARIABLE = YES;
				IPHONEOS_DEPLOYMENT_TARGET = 10.1;
				MTL_ENABLE_DEBUG_INFO = YES;
				ONLY_ACTIVE_ARCH = YES;
				SDKROOT = iphoneos;
				SWIFT_ACTIVE_COMPILATION_CONDITIONS = DEBUG;
				SWIFT_OPTIMIZATION_LEVEL = "-Onone";
			};
			name = Debug;
		};
		8463B82F1E87D2520050121A /* Release */ = {
			isa = XCBuildConfiguration;
			buildSettings = {
				ALWAYS_SEARCH_USER_PATHS = NO;
				CLANG_ANALYZER_NONNULL = YES;
				CLANG_CXX_LANGUAGE_STANDARD = "gnu++0x";
				CLANG_CXX_LIBRARY = "libc++";
				CLANG_ENABLE_MODULES = YES;
				CLANG_ENABLE_OBJC_ARC = YES;
				CLANG_WARN_BOOL_CONVERSION = YES;
				CLANG_WARN_CONSTANT_CONVERSION = YES;
				CLANG_WARN_DIRECT_OBJC_ISA_USAGE = YES_ERROR;
				CLANG_WARN_DOCUMENTATION_COMMENTS = YES;
				CLANG_WARN_EMPTY_BODY = YES;
				CLANG_WARN_ENUM_CONVERSION = YES;
				CLANG_WARN_INFINITE_RECURSION = YES;
				CLANG_WARN_INT_CONVERSION = YES;
				CLANG_WARN_OBJC_ROOT_CLASS = YES_ERROR;
				CLANG_WARN_SUSPICIOUS_MOVE = YES;
				CLANG_WARN_SUSPICIOUS_MOVES = YES;
				CLANG_WARN_UNREACHABLE_CODE = YES;
				CLANG_WARN__DUPLICATE_METHOD_MATCH = YES;
				"CODE_SIGN_IDENTITY[sdk=iphoneos*]" = "iPhone Developer";
				COPY_PHASE_STRIP = NO;
				DEBUG_INFORMATION_FORMAT = "dwarf-with-dsym";
				ENABLE_NS_ASSERTIONS = NO;
				ENABLE_STRICT_OBJC_MSGSEND = YES;
				GCC_C_LANGUAGE_STANDARD = gnu99;
				GCC_NO_COMMON_BLOCKS = YES;
				GCC_WARN_64_TO_32_BIT_CONVERSION = YES;
				GCC_WARN_ABOUT_RETURN_TYPE = YES_ERROR;
				GCC_WARN_UNDECLARED_SELECTOR = YES;
				GCC_WARN_UNINITIALIZED_AUTOS = YES_AGGRESSIVE;
				GCC_WARN_UNUSED_FUNCTION = YES;
				GCC_WARN_UNUSED_VARIABLE = YES;
				IPHONEOS_DEPLOYMENT_TARGET = 10.1;
				MTL_ENABLE_DEBUG_INFO = NO;
				SDKROOT = iphoneos;
				SWIFT_OPTIMIZATION_LEVEL = "-Owholemodule";
				VALIDATE_PRODUCT = YES;
			};
			name = Release;
		};
		8463B8311E87D2520050121A /* Debug */ = {
			isa = XCBuildConfiguration;
			baseConfigurationReference = 0CD16E36C310022ED54547CC /* Pods-kino.debug.xcconfig */;
			buildSettings = {
				ALWAYS_EMBED_SWIFT_STANDARD_LIBRARIES = YES;
				ASSETCATALOG_COMPILER_APPICON_NAME = AppIcon;
				INFOPLIST_FILE = kino/Info.plist;
				LD_RUNPATH_SEARCH_PATHS = "$(inherited) @executable_path/Frameworks";
				PRODUCT_BUNDLE_IDENTIFIER = test.kino;
				PRODUCT_NAME = "$(TARGET_NAME)";
				SWIFT_VERSION = 3.0;
			};
			name = Debug;
		};
		8463B8321E87D2520050121A /* Release */ = {
			isa = XCBuildConfiguration;
			baseConfigurationReference = 21F88830796604AE4AF20394 /* Pods-kino.release.xcconfig */;
			buildSettings = {
				ALWAYS_EMBED_SWIFT_STANDARD_LIBRARIES = YES;
				ASSETCATALOG_COMPILER_APPICON_NAME = AppIcon;
				INFOPLIST_FILE = kino/Info.plist;
				LD_RUNPATH_SEARCH_PATHS = "$(inherited) @executable_path/Frameworks";
				PRODUCT_BUNDLE_IDENTIFIER = test.kino;
				PRODUCT_NAME = "$(TARGET_NAME)";
				SWIFT_VERSION = 3.0;
			};
			name = Release;
		};
/* End XCBuildConfiguration section */

/* Begin XCConfigurationList section */
		8463B8191E87D2520050121A /* Build configuration list for PBXProject "kino" */ = {
			isa = XCConfigurationList;
			buildConfigurations = (
				8463B82E1E87D2520050121A /* Debug */,
				8463B82F1E87D2520050121A /* Release */,
			);
			defaultConfigurationIsVisible = 0;
			defaultConfigurationName = Release;
		};
		8463B8301E87D2520050121A /* Build configuration list for PBXNativeTarget "kino" */ = {
			isa = XCConfigurationList;
			buildConfigurations = (
				8463B8311E87D2520050121A /* Debug */,
				8463B8321E87D2520050121A /* Release */,
			);
			defaultConfigurationIsVisible = 0;
			defaultConfigurationName = Release;
		};
/* End XCConfigurationList section */
	};
	rootObject = 8463B8161E87D2520050121A /* Project object */;
}
